// !$*UTF8*$!
{
	archiveVersion = 1;
	classes = {
	};
	objectVersion = 55;
	objects = {

/* Begin PBXBuildFile section */
		FADF0368280FEBD300BBB344 /* AppDelegate.swift in Sources */ = {isa = PBXBuildFile; fileRef = FADF0367280FEBD300BBB344 /* AppDelegate.swift */; };
		FADF036A280FEBD300BBB344 /* SceneDelegate.swift in Sources */ = {isa = PBXBuildFile; fileRef = FADF0369280FEBD300BBB344 /* SceneDelegate.swift */; };
		FADF036F280FEBD300BBB344 /* Main.storyboard in Resources */ = {isa = PBXBuildFile; fileRef = FADF036D280FEBD300BBB344 /* Main.storyboard */; };
		FADF0371280FEBD500BBB344 /* Assets.xcassets in Resources */ = {isa = PBXBuildFile; fileRef = FADF0370280FEBD500BBB344 /* Assets.xcassets */; };
		FADF0374280FEBD500BBB344 /* LaunchScreen.storyboard in Resources */ = {isa = PBXBuildFile; fileRef = FADF0372280FEBD500BBB344 /* LaunchScreen.storyboard */; };
		FADF0380280FFA6900BBB344 /* DestroyViewController.swift in Sources */ = {isa = PBXBuildFile; fileRef = FADF037F280FFA6900BBB344 /* DestroyViewController.swift */; };
		FADF0382280FFA8600BBB344 /* SettingsViewController.swift in Sources */ = {isa = PBXBuildFile; fileRef = FADF0381280FFA8600BBB344 /* SettingsViewController.swift */; };
		FADF0389280FFAFF00BBB344 /* AsteroidInfoCell.swift in Sources */ = {isa = PBXBuildFile; fileRef = FADF0387280FFAFF00BBB344 /* AsteroidInfoCell.swift */; };
		FADF038A280FFAFF00BBB344 /* AsteroidInfoCell.xib in Resources */ = {isa = PBXBuildFile; fileRef = FADF0388280FFAFF00BBB344 /* AsteroidInfoCell.xib */; };
		FADF038E281004A700BBB344 /* AsteriodInfoViewController.swift in Sources */ = {isa = PBXBuildFile; fileRef = FADF038D281004A700BBB344 /* AsteriodInfoViewController.swift */; };
		FADF03922810096E00BBB344 /* AsteroidViewController.swift in Sources */ = {isa = PBXBuildFile; fileRef = FADF03912810096E00BBB344 /* AsteroidViewController.swift */; };
/* End PBXBuildFile section */

/* Begin PBXFileReference section */
		FADF0364280FEBD300BBB344 /* Armageddon 2022.app */ = {isa = PBXFileReference; explicitFileType = wrapper.application; includeInIndex = 0; path = "Armageddon 2022.app"; sourceTree = BUILT_PRODUCTS_DIR; };
		FADF0367280FEBD300BBB344 /* AppDelegate.swift */ = {isa = PBXFileReference; lastKnownFileType = sourcecode.swift; path = AppDelegate.swift; sourceTree = "<group>"; };
		FADF0369280FEBD300BBB344 /* SceneDelegate.swift */ = {isa = PBXFileReference; lastKnownFileType = sourcecode.swift; path = SceneDelegate.swift; sourceTree = "<group>"; };
		FADF0370280FEBD500BBB344 /* Assets.xcassets */ = {isa = PBXFileReference; lastKnownFileType = folder.assetcatalog; path = Assets.xcassets; sourceTree = "<group>"; };
		FADF0373280FEBD500BBB344 /* Base */ = {isa = PBXFileReference; lastKnownFileType = file.storyboard; name = Base; path = Base.lproj/LaunchScreen.storyboard; sourceTree = "<group>"; };
		FADF0375280FEBD500BBB344 /* Info.plist */ = {isa = PBXFileReference; lastKnownFileType = text.plist.xml; path = Info.plist; sourceTree = "<group>"; };
		FADF037F280FFA6900BBB344 /* DestroyViewController.swift */ = {isa = PBXFileReference; lastKnownFileType = sourcecode.swift; path = DestroyViewController.swift; sourceTree = "<group>"; };
		FADF0381280FFA8600BBB344 /* SettingsViewController.swift */ = {isa = PBXFileReference; lastKnownFileType = sourcecode.swift; path = SettingsViewController.swift; sourceTree = "<group>"; };
		FADF0387280FFAFF00BBB344 /* AsteroidInfoCell.swift */ = {isa = PBXFileReference; lastKnownFileType = sourcecode.swift; path = AsteroidInfoCell.swift; sourceTree = "<group>"; };
		FADF0388280FFAFF00BBB344 /* AsteroidInfoCell.xib */ = {isa = PBXFileReference; lastKnownFileType = file.xib; path = AsteroidInfoCell.xib; sourceTree = "<group>"; };
		FADF038D281004A700BBB344 /* AsteriodInfoViewController.swift */ = {isa = PBXFileReference; lastKnownFileType = sourcecode.swift; path = AsteriodInfoViewController.swift; sourceTree = "<group>"; };
		FADF03912810096E00BBB344 /* AsteroidViewController.swift */ = {isa = PBXFileReference; lastKnownFileType = sourcecode.swift; path = AsteroidViewController.swift; sourceTree = "<group>"; };
		FADF0396281011C300BBB344 /* Base */ = {isa = PBXFileReference; lastKnownFileType = file.storyboard; name = Base; path = Base.lproj/Main.storyboard; sourceTree = "<group>"; };
/* End PBXFileReference section */

/* Begin PBXFrameworksBuildPhase section */
		FADF0361280FEBD300BBB344 /* Frameworks */ = {
			isa = PBXFrameworksBuildPhase;
			buildActionMask = 2147483647;
			files = (
			);
			runOnlyForDeploymentPostprocessing = 0;
		};
/* End PBXFrameworksBuildPhase section */

/* Begin PBXGroup section */
		FADF035B280FEBD300BBB344 = {
			isa = PBXGroup;
			children = (
				FADF0366280FEBD300BBB344 /* Armageddon 2022 */,
				FADF0365280FEBD300BBB344 /* Products */,
			);
			sourceTree = "<group>";
		};
		FADF0365280FEBD300BBB344 /* Products */ = {
			isa = PBXGroup;
			children = (
				FADF0364280FEBD300BBB344 /* Armageddon 2022.app */,
			);
			name = Products;
			sourceTree = "<group>";
		};
		FADF0366280FEBD300BBB344 /* Armageddon 2022 */ = {
			isa = PBXGroup;
			children = (
				FADF0367280FEBD300BBB344 /* AppDelegate.swift */,
				FADF0369280FEBD300BBB344 /* SceneDelegate.swift */,
				FADF038F2810059B00BBB344 /* Cells */,
				FADF038B280FFB0800BBB344 /* Controllers */,
				FADF0370280FEBD500BBB344 /* Assets.xcassets */,
				FADF036D280FEBD300BBB344 /* Main.storyboard */,
				FADF0372280FEBD500BBB344 /* LaunchScreen.storyboard */,
				FADF0375280FEBD500BBB344 /* Info.plist */,
			);
			path = "Armageddon 2022";
			sourceTree = "<group>";
		};
		FADF038B280FFB0800BBB344 /* Controllers */ = {
			isa = PBXGroup;
			children = (
				FADF0381280FFA8600BBB344 /* SettingsViewController.swift */,
				FADF037F280FFA6900BBB344 /* DestroyViewController.swift */,
				FADF03912810096E00BBB344 /* AsteroidViewController.swift */,
				FADF038D281004A700BBB344 /* AsteriodInfoViewController.swift */,
			);
			path = Controllers;
			sourceTree = "<group>";
		};
		FADF038F2810059B00BBB344 /* Cells */ = {
			isa = PBXGroup;
			children = (
				FADF0388280FFAFF00BBB344 /* AsteroidInfoCell.xib */,
				FADF0387280FFAFF00BBB344 /* AsteroidInfoCell.swift */,
			);
			name = Cells;
			sourceTree = "<group>";
		};
/* End PBXGroup section */

/* Begin PBXNativeTarget section */
		FADF0363280FEBD300BBB344 /* Armageddon 2022 */ = {
			isa = PBXNativeTarget;
			buildConfigurationList = FADF0378280FEBD500BBB344 /* Build configuration list for PBXNativeTarget "Armageddon 2022" */;
			buildPhases = (
				FADF0360280FEBD300BBB344 /* Sources */,
				FADF0361280FEBD300BBB344 /* Frameworks */,
				FADF0362280FEBD300BBB344 /* Resources */,
			);
			buildRules = (
			);
			dependencies = (
			);
			name = "Armageddon 2022";
			productName = "Armageddon 2022";
			productReference = FADF0364280FEBD300BBB344 /* Armageddon 2022.app */;
			productType = "com.apple.product-type.application";
		};
/* End PBXNativeTarget section */

/* Begin PBXProject section */
		FADF035C280FEBD300BBB344 /* Project object */ = {
			isa = PBXProject;
			attributes = {
				BuildIndependentTargetsInParallel = 1;
				LastSwiftUpdateCheck = 1320;
				LastUpgradeCheck = 1320;
				TargetAttributes = {
					FADF0363280FEBD300BBB344 = {
						CreatedOnToolsVersion = 13.2.1;
					};
				};
			};
			buildConfigurationList = FADF035F280FEBD300BBB344 /* Build configuration list for PBXProject "Armageddon 2022" */;
			compatibilityVersion = "Xcode 13.0";
			developmentRegion = en;
			hasScannedForEncodings = 0;
			knownRegions = (
				en,
				Base,
			);
			mainGroup = FADF035B280FEBD300BBB344;
			productRefGroup = FADF0365280FEBD300BBB344 /* Products */;
			projectDirPath = "";
			projectRoot = "";
			targets = (
				FADF0363280FEBD300BBB344 /* Armageddon 2022 */,
			);
		};
/* End PBXProject section */

/* Begin PBXResourcesBuildPhase section */
		FADF0362280FEBD300BBB344 /* Resources */ = {
			isa = PBXResourcesBuildPhase;
			buildActionMask = 2147483647;
			files = (
				FADF038A280FFAFF00BBB344 /* AsteroidInfoCell.xib in Resources */,
				FADF0374280FEBD500BBB344 /* LaunchScreen.storyboard in Resources */,
				FADF0371280FEBD500BBB344 /* Assets.xcassets in Resources */,
				FADF036F280FEBD300BBB344 /* Main.storyboard in Resources */,
			);
			runOnlyForDeploymentPostprocessing = 0;
		};
/* End PBXResourcesBuildPhase section */

/* Begin PBXSourcesBuildPhase section */
		FADF0360280FEBD300BBB344 /* Sources */ = {
			isa = PBXSourcesBuildPhase;
			buildActionMask = 2147483647;
			files = (
				FADF0389280FFAFF00BBB344 /* AsteroidInfoCell.swift in Sources */,
				FADF0368280FEBD300BBB344 /* AppDelegate.swift in Sources */,
				FADF03922810096E00BBB344 /* AsteroidViewController.swift in Sources */,
				FADF038E281004A700BBB344 /* AsteriodInfoViewController.swift in Sources */,
				FADF036A280FEBD300BBB344 /* SceneDelegate.swift in Sources */,
				FADF0382280FFA8600BBB344 /* SettingsViewController.swift in Sources */,
				FADF0380280FFA6900BBB344 /* DestroyViewController.swift in Sources */,
			);
			runOnlyForDeploymentPostprocessing = 0;
		};
/* End PBXSourcesBuildPhase section */

/* Begin PBXVariantGroup section */
		FADF036D280FEBD300BBB344 /* Main.storyboard */ = {
			isa = PBXVariantGroup;
			children = (
				FADF0396281011C300BBB344 /* Base */,
			);
			name = Main.storyboard;
			sourceTree = "<group>";
		};
		FADF0372280FEBD500BBB344 /* LaunchScreen.storyboard */ = {
			isa = PBXVariantGroup;
			children = (
				FADF0373280FEBD500BBB344 /* Base */,
			);
			name = LaunchScreen.storyboard;
			sourceTree = "<group>";
		};
/* End PBXVariantGroup section */

/* Begin XCBuildConfiguration section */
		FADF0376280FEBD500BBB344 /* Debug */ = {
			isa = XCBuildConfiguration;
			buildSettings = {
				ALWAYS_SEARCH_USER_PATHS = NO;
				CLANG_ANALYZER_NONNULL = YES;
				CLANG_ANALYZER_NUMBER_OBJECT_CONVERSION = YES_AGGRESSIVE;
				CLANG_CXX_LANGUAGE_STANDARD = "gnu++17";
				CLANG_CXX_LIBRARY = "libc++";
				CLANG_ENABLE_MODULES = YES;
				CLANG_ENABLE_OBJC_ARC = YES;
				CLANG_ENABLE_OBJC_WEAK = YES;
				CLANG_WARN_BLOCK_CAPTURE_AUTORELEASING = YES;
				CLANG_WARN_BOOL_CONVERSION = YES;
				CLANG_WARN_COMMA = YES;
				CLANG_WARN_CONSTANT_CONVERSION = YES;
				CLANG_WARN_DEPRECATED_OBJC_IMPLEMENTATIONS = YES;
				CLANG_WARN_DIRECT_OBJC_ISA_USAGE = YES_ERROR;
				CLANG_WARN_DOCUMENTATION_COMMENTS = YES;
				CLANG_WARN_EMPTY_BODY = YES;
				CLANG_WARN_ENUM_CONVERSION = YES;
				CLANG_WARN_INFINITE_RECURSION = YES;
				CLANG_WARN_INT_CONVERSION = YES;
				CLANG_WARN_NON_LITERAL_NULL_CONVERSION = YES;
				CLANG_WARN_OBJC_IMPLICIT_RETAIN_SELF = YES;
				CLANG_WARN_OBJC_LITERAL_CONVERSION = YES;
				CLANG_WARN_OBJC_ROOT_CLASS = YES_ERROR;
				CLANG_WARN_QUOTED_INCLUDE_IN_FRAMEWORK_HEADER = YES;
				CLANG_WARN_RANGE_LOOP_ANALYSIS = YES;
				CLANG_WARN_STRICT_PROTOTYPES = YES;
				CLANG_WARN_SUSPICIOUS_MOVE = YES;
				CLANG_WARN_UNGUARDED_AVAILABILITY = YES_AGGRESSIVE;
				CLANG_WARN_UNREACHABLE_CODE = YES;
				CLANG_WARN__DUPLICATE_METHOD_MATCH = YES;
				COPY_PHASE_STRIP = NO;
				DEBUG_INFORMATION_FORMAT = dwarf;
				ENABLE_STRICT_OBJC_MSGSEND = YES;
				ENABLE_TESTABILITY = YES;
				GCC_C_LANGUAGE_STANDARD = gnu11;
				GCC_DYNAMIC_NO_PIC = NO;
				GCC_NO_COMMON_BLOCKS = YES;
				GCC_OPTIMIZATION_LEVEL = 0;
				GCC_PREPROCESSOR_DEFINITIONS = (
					"DEBUG=1",
					"$(inherited)",
				);
				GCC_WARN_64_TO_32_BIT_CONVERSION = YES;
				GCC_WARN_ABOUT_RETURN_TYPE = YES_ERROR;
				GCC_WARN_UNDECLARED_SELECTOR = YES;
				GCC_WARN_UNINITIALIZED_AUTOS = YES_AGGRESSIVE;
				GCC_WARN_UNUSED_FUNCTION = YES;
				GCC_WARN_UNUSED_VARIABLE = YES;
				IPHONEOS_DEPLOYMENT_TARGET = 15.2;
				MTL_ENABLE_DEBUG_INFO = INCLUDE_SOURCE;
				MTL_FAST_MATH = YES;
				ONLY_ACTIVE_ARCH = YES;
				SDKROOT = iphoneos;
				SWIFT_ACTIVE_COMPILATION_CONDITIONS = DEBUG;
				SWIFT_OPTIMIZATION_LEVEL = "-Onone";
			};
			name = Debug;
		};
		FADF0377280FEBD500BBB344 /* Release */ = {
			isa = XCBuildConfiguration;
			buildSettings = {
				ALWAYS_SEARCH_USER_PATHS = NO;
				CLANG_ANALYZER_NONNULL = YES;
				CLANG_ANALYZER_NUMBER_OBJECT_CONVERSION = YES_AGGRESSIVE;
				CLANG_CXX_LANGUAGE_STANDARD = "gnu++17";
				CLANG_CXX_LIBRARY = "libc++";
				CLANG_ENABLE_MODULES = YES;
				CLANG_ENABLE_OBJC_ARC = YES;
				CLANG_ENABLE_OBJC_WEAK = YES;
				CLANG_WARN_BLOCK_CAPTURE_AUTORELEASING = YES;
				CLANG_WARN_BOOL_CONVERSION = YES;
				CLANG_WARN_COMMA = YES;
				CLANG_WARN_CONSTANT_CONVERSION = YES;
				CLANG_WARN_DEPRECATED_OBJC_IMPLEMENTATIONS = YES;
				CLANG_WARN_DIRECT_OBJC_ISA_USAGE = YES_ERROR;
				CLANG_WARN_DOCUMENTATION_COMMENTS = YES;
				CLANG_WARN_EMPTY_BODY = YES;
				CLANG_WARN_ENUM_CONVERSION = YES;
				CLANG_WARN_INFINITE_RECURSION = YES;
				CLANG_WARN_INT_CONVERSION = YES;
				CLANG_WARN_NON_LITERAL_NULL_CONVERSION = YES;
				CLANG_WARN_OBJC_IMPLICIT_RETAIN_SELF = YES;
				CLANG_WARN_OBJC_LITERAL_CONVERSION = YES;
				CLANG_WARN_OBJC_ROOT_CLASS = YES_ERROR;
				CLANG_WARN_QUOTED_INCLUDE_IN_FRAMEWORK_HEADER = YES;
				CLANG_WARN_RANGE_LOOP_ANALYSIS = YES;
				CLANG_WARN_STRICT_PROTOTYPES = YES;
				CLANG_WARN_SUSPICIOUS_MOVE = YES;
				CLANG_WARN_UNGUARDED_AVAILABILITY = YES_AGGRESSIVE;
				CLANG_WARN_UNREACHABLE_CODE = YES;
				CLANG_WARN__DUPLICATE_METHOD_MATCH = YES;
				COPY_PHASE_STRIP = NO;
				DEBUG_INFORMATION_FORMAT = "dwarf-with-dsym";
				ENABLE_NS_ASSERTIONS = NO;
				ENABLE_STRICT_OBJC_MSGSEND = YES;
				GCC_C_LANGUAGE_STANDARD = gnu11;
				GCC_NO_COMMON_BLOCKS = YES;
				GCC_WARN_64_TO_32_BIT_CONVERSION = YES;
				GCC_WARN_ABOUT_RETURN_TYPE = YES_ERROR;
				GCC_WARN_UNDECLARED_SELECTOR = YES;
				GCC_WARN_UNINITIALIZED_AUTOS = YES_AGGRESSIVE;
				GCC_WARN_UNUSED_FUNCTION = YES;
				GCC_WARN_UNUSED_VARIABLE = YES;
				IPHONEOS_DEPLOYMENT_TARGET = 15.2;
				MTL_ENABLE_DEBUG_INFO = NO;
				MTL_FAST_MATH = YES;
				SDKROOT = iphoneos;
				SWIFT_COMPILATION_MODE = wholemodule;
				SWIFT_OPTIMIZATION_LEVEL = "-O";
				VALIDATE_PRODUCT = YES;
			};
			name = Release;
		};
		FADF0379280FEBD500BBB344 /* Debug */ = {
			isa = XCBuildConfiguration;
			buildSettings = {
				ASSETCATALOG_COMPILER_APPICON_NAME = AppIcon;
				ASSETCATALOG_COMPILER_GLOBAL_ACCENT_COLOR_NAME = AccentColor;
				CODE_SIGN_STYLE = Automatic;
				CURRENT_PROJECT_VERSION = 1;
				DEVELOPMENT_TEAM = L52Y2D4NQN;
				GENERATE_INFOPLIST_FILE = YES;
				INFOPLIST_FILE = "Armageddon 2022/Info.plist";
				INFOPLIST_KEY_UIApplicationSupportsIndirectInputEvents = YES;
				INFOPLIST_KEY_UILaunchStoryboardName = LaunchScreen;
				INFOPLIST_KEY_UIMainStoryboardFile = Main;
				INFOPLIST_KEY_UISupportedInterfaceOrientations = UIInterfaceOrientationPortrait;
				INFOPLIST_KEY_UISupportedInterfaceOrientations_iPad = "UIInterfaceOrientationPortrait UIInterfaceOrientationPortraitUpsideDown UIInterfaceOrientationLandscapeLeft UIInterfaceOrientationLandscapeRight";
				INFOPLIST_KEY_UISupportedInterfaceOrientations_iPhone = "UIInterfaceOrientationPortrait UIInterfaceOrientationLandscapeLeft UIInterfaceOrientationLandscapeRight";
				LD_RUNPATH_SEARCH_PATHS = (
					"$(inherited)",
					"@executable_path/Frameworks",
				);
				MARKETING_VERSION = 1.0;
				PRODUCT_BUNDLE_IDENTIFIER = "com.tenevg.Armageddon-2022";
				PRODUCT_NAME = "$(TARGET_NAME)";
				SWIFT_EMIT_LOC_STRINGS = YES;
				SWIFT_VERSION = 5.0;
				TARGETED_DEVICE_FAMILY = 1;
			};
			name = Debug;
		};
		FADF037A280FEBD500BBB344 /* Release */ = {
			isa = XCBuildConfiguration;
			buildSettings = {
				ASSETCATALOG_COMPILER_APPICON_NAME = AppIcon;
				ASSETCATALOG_COMPILER_GLOBAL_ACCENT_COLOR_NAME = AccentColor;
				CODE_SIGN_STYLE = Automatic;
				CURRENT_PROJECT_VERSION = 1;
				DEVELOPMENT_TEAM = L52Y2D4NQN;
				GENERATE_INFOPLIST_FILE = YES;
				INFOPLIST_FILE = "Armageddon 2022/Info.plist";
				INFOPLIST_KEY_UIApplicationSupportsIndirectInputEvents = YES;
				INFOPLIST_KEY_UILaunchStoryboardName = LaunchScreen;
				INFOPLIST_KEY_UIMainStoryboardFile = Main;
				INFOPLIST_KEY_UISupportedInterfaceOrientations = UIInterfaceOrientationPortrait;
				INFOPLIST_KEY_UISupportedInterfaceOrientations_iPad = "UIInterfaceOrientationPortrait UIInterfaceOrientationPortraitUpsideDown UIInterfaceOrientationLandscapeLeft UIInterfaceOrientationLandscapeRight";
				INFOPLIST_KEY_UISupportedInterfaceOrientations_iPhone = "UIInterfaceOrientationPortrait UIInterfaceOrientationLandscapeLeft UIInterfaceOrientationLandscapeRight";
				LD_RUNPATH_SEARCH_PATHS = (
					"$(inherited)",
					"@executable_path/Frameworks",
				);
				MARKETING_VERSION = 1.0;
				PRODUCT_BUNDLE_IDENTIFIER = "com.tenevg.Armageddon-2022";
				PRODUCT_NAME = "$(TARGET_NAME)";
				SWIFT_EMIT_LOC_STRINGS = YES;
				SWIFT_VERSION = 5.0;
				TARGETED_DEVICE_FAMILY = 1;
			};
			name = Release;
		};
/* End XCBuildConfiguration section */

/* Begin XCConfigurationList section */
		FADF035F280FEBD300BBB344 /* Build configuration list for PBXProject "Armageddon 2022" */ = {
			isa = XCConfigurationList;
			buildConfigurations = (
				FADF0376280FEBD500BBB344 /* Debug */,
				FADF0377280FEBD500BBB344 /* Release */,
			);
			defaultConfigurationIsVisible = 0;
			defaultConfigurationName = Release;
		};
		FADF0378280FEBD500BBB344 /* Build configuration list for PBXNativeTarget "Armageddon 2022" */ = {
			isa = XCConfigurationList;
			buildConfigurations = (
				FADF0379280FEBD500BBB344 /* Debug */,
				FADF037A280FEBD500BBB344 /* Release */,
			);
			defaultConfigurationIsVisible = 0;
			defaultConfigurationName = Release;
		};
/* End XCConfigurationList section */
	};
	rootObject = FADF035C280FEBD300BBB344 /* Project object */;
}
